
Microsoft Visual Studio Solution File, Format Version 10.00
# Visual Studio 2008
Project("{FAE04EC0-301F-11D3-BF4B-00C04F79EFBC}") = "unsafe_ptr1", "unsafe_ptr1\unsafe_ptr1.csproj", "{93A35CE7-603A-4F44-8AB5-DFD5EB825C84}"
EndProject
Global
	GlobalSection(SolutionConfigurationPlatforms) = preSolution
		Debug|Any CPU = Debug|Any CPU
		Release|Any CPU = Release|Any CPU
	EndGlobalSection
	GlobalSection(ProjectConfigurationPlatforms) = postSolution
		{93A35CE7-603A-4F44-8AB5-DFD5EB825C84}.Debug|Any CPU.ActiveCfg = Debug|Any CPU
		{93A35CE7-603A-4F44-8AB5-DFD5EB825C84}.Debug|Any CPU.Build.0 = Debug|Any CPU
		{93A35CE7-603A-4F44-8AB5-DFD5EB825C84}.Release|Any CPU.ActiveCfg = Release|Any CPU
		{93A35CE7-603A-4F44-8AB5-DFD5EB825C84}.Release|Any CPU.Build.0 = Release|Any CPU
	EndGlobalSection
	GlobalSection(SolutionProperties) = preSolution
		HideSolutionNode = FALSE
	EndGlobalSection
EndGlobal
