
Microsoft Visual Studio Solution File, Format Version 9.00
# Visual Studio 2005
Project("{F184B08F-C81C-45F6-A57F-5ABD9991F28F}") = "S1", "S1\S1.vbproj", "{A55B51E0-7ADF-4A94-ACD9-8DE161287AB4}"
EndProject
Global
	GlobalSection(SolutionConfigurationPlatforms) = preSolution
		Debug|Any CPU = Debug|Any CPU
		Release|Any CPU = Release|Any CPU
	EndGlobalSection
	GlobalSection(ProjectConfigurationPlatforms) = postSolution
		{A55B51E0-7ADF-4A94-ACD9-8DE161287AB4}.Debug|Any CPU.ActiveCfg = Debug|Any CPU
		{A55B51E0-7ADF-4A94-ACD9-8DE161287AB4}.Debug|Any CPU.Build.0 = Debug|Any CPU
		{A55B51E0-7ADF-4A94-ACD9-8DE161287AB4}.Release|Any CPU.ActiveCfg = Release|Any CPU
		{A55B51E0-7ADF-4A94-ACD9-8DE161287AB4}.Release|Any CPU.Build.0 = Release|Any CPU
	EndGlobalSection
	GlobalSection(SolutionProperties) = preSolution
		HideSolutionNode = FALSE
	EndGlobalSection
EndGlobal
