
Microsoft Visual Studio Solution File, Format Version 9.00
# Visual Studio 2005
Project("{FAE04EC0-301F-11D3-BF4B-00C04F79EFBC}") = "component1", "component1\component1.csproj", "{8F49491D-58D2-464E-A42F-24111FDFF560}"
EndProject
Global
	GlobalSection(SolutionConfigurationPlatforms) = preSolution
		Debug|Any CPU = Debug|Any CPU
		Release|Any CPU = Release|Any CPU
	EndGlobalSection
	GlobalSection(ProjectConfigurationPlatforms) = postSolution
		{8F49491D-58D2-464E-A42F-24111FDFF560}.Debug|Any CPU.ActiveCfg = Debug|Any CPU
		{8F49491D-58D2-464E-A42F-24111FDFF560}.Debug|Any CPU.Build.0 = Debug|Any CPU
		{8F49491D-58D2-464E-A42F-24111FDFF560}.Release|Any CPU.ActiveCfg = Release|Any CPU
		{8F49491D-58D2-464E-A42F-24111FDFF560}.Release|Any CPU.Build.0 = Release|Any CPU
	EndGlobalSection
	GlobalSection(SolutionProperties) = preSolution
		HideSolutionNode = FALSE
	EndGlobalSection
EndGlobal
