
Microsoft Visual Studio Solution File, Format Version 9.00
# Visual Studio 2005
Project("{F184B08F-C81C-45F6-A57F-5ABD9991F28F}") = "str_func", "str_func\str_func.vbproj", "{B57F4D6C-D5B8-4F2E-BFE7-631BE3AB4D9A}"
EndProject
Global
	GlobalSection(SolutionConfigurationPlatforms) = preSolution
		Debug|Any CPU = Debug|Any CPU
		Release|Any CPU = Release|Any CPU
	EndGlobalSection
	GlobalSection(ProjectConfigurationPlatforms) = postSolution
		{B57F4D6C-D5B8-4F2E-BFE7-631BE3AB4D9A}.Debug|Any CPU.ActiveCfg = Debug|Any CPU
		{B57F4D6C-D5B8-4F2E-BFE7-631BE3AB4D9A}.Debug|Any CPU.Build.0 = Debug|Any CPU
		{B57F4D6C-D5B8-4F2E-BFE7-631BE3AB4D9A}.Release|Any CPU.ActiveCfg = Release|Any CPU
		{B57F4D6C-D5B8-4F2E-BFE7-631BE3AB4D9A}.Release|Any CPU.Build.0 = Release|Any CPU
	EndGlobalSection
	GlobalSection(SolutionProperties) = preSolution
		HideSolutionNode = FALSE
	EndGlobalSection
EndGlobal
