
Microsoft Visual Studio Solution File, Format Version 9.00
# Visual Studio 2005
Project("{FAE04EC0-301F-11D3-BF4B-00C04F79EFBC}") = "Class_attribute", "Class_attribute\Class_attribute.csproj", "{BA6262CE-FBBD-4ED7-9E59-F233C25ACB17}"
EndProject
Global
	GlobalSection(SolutionConfigurationPlatforms) = preSolution
		Debug|Any CPU = Debug|Any CPU
		Release|Any CPU = Release|Any CPU
	EndGlobalSection
	GlobalSection(ProjectConfigurationPlatforms) = postSolution
		{BA6262CE-FBBD-4ED7-9E59-F233C25ACB17}.Debug|Any CPU.ActiveCfg = Debug|Any CPU
		{BA6262CE-FBBD-4ED7-9E59-F233C25ACB17}.Debug|Any CPU.Build.0 = Debug|Any CPU
		{BA6262CE-FBBD-4ED7-9E59-F233C25ACB17}.Release|Any CPU.ActiveCfg = Release|Any CPU
		{BA6262CE-FBBD-4ED7-9E59-F233C25ACB17}.Release|Any CPU.Build.0 = Release|Any CPU
	EndGlobalSection
	GlobalSection(SolutionProperties) = preSolution
		HideSolutionNode = FALSE
	EndGlobalSection
EndGlobal
