
Microsoft Visual Studio Solution File, Format Version 9.00
# Visual Studio 2005
Project("{FAE04EC0-301F-11D3-BF4B-00C04F79EFBC}") = "unsafe2", "unsafe2\unsafe2.csproj", "{C79C3C8F-0F88-4418-8B27-F96B69D92391}"
EndProject
Global
	GlobalSection(SolutionConfigurationPlatforms) = preSolution
		Debug|Any CPU = Debug|Any CPU
		Release|Any CPU = Release|Any CPU
	EndGlobalSection
	GlobalSection(ProjectConfigurationPlatforms) = postSolution
		{C79C3C8F-0F88-4418-8B27-F96B69D92391}.Debug|Any CPU.ActiveCfg = Debug|Any CPU
		{C79C3C8F-0F88-4418-8B27-F96B69D92391}.Debug|Any CPU.Build.0 = Debug|Any CPU
		{C79C3C8F-0F88-4418-8B27-F96B69D92391}.Release|Any CPU.ActiveCfg = Release|Any CPU
		{C79C3C8F-0F88-4418-8B27-F96B69D92391}.Release|Any CPU.Build.0 = Release|Any CPU
	EndGlobalSection
	GlobalSection(SolutionProperties) = preSolution
		HideSolutionNode = FALSE
	EndGlobalSection
EndGlobal
