
Microsoft Visual Studio Solution File, Format Version 9.00
# Visual Studio 2005
Project("{FAE04EC0-301F-11D3-BF4B-00C04F79EFBC}") = "file_strm", "file_strm\file_strm.csproj", "{7573C7E4-4078-474E-A34C-7D0A2E975EC9}"
EndProject
Global
	GlobalSection(SolutionConfigurationPlatforms) = preSolution
		Debug|Any CPU = Debug|Any CPU
		Release|Any CPU = Release|Any CPU
	EndGlobalSection
	GlobalSection(ProjectConfigurationPlatforms) = postSolution
		{7573C7E4-4078-474E-A34C-7D0A2E975EC9}.Debug|Any CPU.ActiveCfg = Debug|Any CPU
		{7573C7E4-4078-474E-A34C-7D0A2E975EC9}.Debug|Any CPU.Build.0 = Debug|Any CPU
		{7573C7E4-4078-474E-A34C-7D0A2E975EC9}.Release|Any CPU.ActiveCfg = Release|Any CPU
		{7573C7E4-4078-474E-A34C-7D0A2E975EC9}.Release|Any CPU.Build.0 = Release|Any CPU
	EndGlobalSection
	GlobalSection(SolutionProperties) = preSolution
		HideSolutionNode = FALSE
	EndGlobalSection
EndGlobal
