
Microsoft Visual Studio Solution File, Format Version 10.00
# Visual Studio 2008
Project("{FAE04EC0-301F-11D3-BF4B-00C04F79EFBC}") = "linq1", "linq1\linq1.csproj", "{B6994624-2614-4744-B18A-4C4254BFFE92}"
EndProject
Global
	GlobalSection(SolutionConfigurationPlatforms) = preSolution
		Debug|Any CPU = Debug|Any CPU
		Release|Any CPU = Release|Any CPU
	EndGlobalSection
	GlobalSection(ProjectConfigurationPlatforms) = postSolution
		{B6994624-2614-4744-B18A-4C4254BFFE92}.Debug|Any CPU.ActiveCfg = Debug|Any CPU
		{B6994624-2614-4744-B18A-4C4254BFFE92}.Debug|Any CPU.Build.0 = Debug|Any CPU
		{B6994624-2614-4744-B18A-4C4254BFFE92}.Release|Any CPU.ActiveCfg = Release|Any CPU
		{B6994624-2614-4744-B18A-4C4254BFFE92}.Release|Any CPU.Build.0 = Release|Any CPU
	EndGlobalSection
	GlobalSection(SolutionProperties) = preSolution
		HideSolutionNode = FALSE
	EndGlobalSection
EndGlobal
