
Microsoft Visual Studio Solution File, Format Version 9.00
# Visual Studio 2005
Project("{FAE04EC0-301F-11D3-BF4B-00C04F79EFBC}") = "built_func", "built_func.csproj", "{550EE95D-C1BF-4796-B624-B273A7BFA752}"
EndProject
Global
	GlobalSection(SolutionConfigurationPlatforms) = preSolution
		Debug|Any CPU = Debug|Any CPU
		Release|Any CPU = Release|Any CPU
	EndGlobalSection
	GlobalSection(ProjectConfigurationPlatforms) = postSolution
		{550EE95D-C1BF-4796-B624-B273A7BFA752}.Debug|Any CPU.ActiveCfg = Debug|Any CPU
		{550EE95D-C1BF-4796-B624-B273A7BFA752}.Debug|Any CPU.Build.0 = Debug|Any CPU
		{550EE95D-C1BF-4796-B624-B273A7BFA752}.Release|Any CPU.ActiveCfg = Release|Any CPU
		{550EE95D-C1BF-4796-B624-B273A7BFA752}.Release|Any CPU.Build.0 = Release|Any CPU
	EndGlobalSection
	GlobalSection(SolutionProperties) = preSolution
		HideSolutionNode = FALSE
	EndGlobalSection
EndGlobal
