
Microsoft Visual Studio Solution File, Format Version 10.00
# Visual Studio 2008
Project("{FAE04EC0-301F-11D3-BF4B-00C04F79EFBC}") = "string2", "string2\string2.csproj", "{0B4DBDAD-F265-4A92-80AB-5D2DFC82D64F}"
EndProject
Global
	GlobalSection(SolutionConfigurationPlatforms) = preSolution
		Debug|Any CPU = Debug|Any CPU
		Release|Any CPU = Release|Any CPU
	EndGlobalSection
	GlobalSection(ProjectConfigurationPlatforms) = postSolution
		{0B4DBDAD-F265-4A92-80AB-5D2DFC82D64F}.Debug|Any CPU.ActiveCfg = Debug|Any CPU
		{0B4DBDAD-F265-4A92-80AB-5D2DFC82D64F}.Debug|Any CPU.Build.0 = Debug|Any CPU
		{0B4DBDAD-F265-4A92-80AB-5D2DFC82D64F}.Release|Any CPU.ActiveCfg = Release|Any CPU
		{0B4DBDAD-F265-4A92-80AB-5D2DFC82D64F}.Release|Any CPU.Build.0 = Release|Any CPU
	EndGlobalSection
	GlobalSection(SolutionProperties) = preSolution
		HideSolutionNode = FALSE
	EndGlobalSection
EndGlobal
