
Microsoft Visual Studio Solution File, Format Version 9.00
# Visual Studio 2005
Project("{FAE04EC0-301F-11D3-BF4B-00C04F79EFBC}") = "SUM", "SUM\SUM.csproj", "{ECC33535-3ADC-4B08-A11B-CE68DE1C7F34}"
EndProject
Global
	GlobalSection(SolutionConfigurationPlatforms) = preSolution
		Debug|Any CPU = Debug|Any CPU
		Release|Any CPU = Release|Any CPU
	EndGlobalSection
	GlobalSection(ProjectConfigurationPlatforms) = postSolution
		{ECC33535-3ADC-4B08-A11B-CE68DE1C7F34}.Debug|Any CPU.ActiveCfg = Debug|Any CPU
		{ECC33535-3ADC-4B08-A11B-CE68DE1C7F34}.Debug|Any CPU.Build.0 = Debug|Any CPU
		{ECC33535-3ADC-4B08-A11B-CE68DE1C7F34}.Release|Any CPU.ActiveCfg = Release|Any CPU
		{ECC33535-3ADC-4B08-A11B-CE68DE1C7F34}.Release|Any CPU.Build.0 = Release|Any CPU
	EndGlobalSection
	GlobalSection(SolutionProperties) = preSolution
		HideSolutionNode = FALSE
	EndGlobalSection
EndGlobal
