
Microsoft Visual Studio Solution File, Format Version 9.00
# Visual Studio 2005
Project("{FAE04EC0-301F-11D3-BF4B-00C04F79EFBC}") = "ctrl1", "ctrl1\ctrl1.csproj", "{07D1507A-A8CC-4434-88FF-DF202DB61E8F}"
EndProject
Global
	GlobalSection(SolutionConfigurationPlatforms) = preSolution
		Debug|Any CPU = Debug|Any CPU
		Release|Any CPU = Release|Any CPU
	EndGlobalSection
	GlobalSection(ProjectConfigurationPlatforms) = postSolution
		{07D1507A-A8CC-4434-88FF-DF202DB61E8F}.Debug|Any CPU.ActiveCfg = Debug|Any CPU
		{07D1507A-A8CC-4434-88FF-DF202DB61E8F}.Debug|Any CPU.Build.0 = Debug|Any CPU
		{07D1507A-A8CC-4434-88FF-DF202DB61E8F}.Release|Any CPU.ActiveCfg = Release|Any CPU
		{07D1507A-A8CC-4434-88FF-DF202DB61E8F}.Release|Any CPU.Build.0 = Release|Any CPU
	EndGlobalSection
	GlobalSection(SolutionProperties) = preSolution
		HideSolutionNode = FALSE
	EndGlobalSection
EndGlobal
