
Microsoft Visual Studio Solution File, Format Version 9.00
# Visual Studio 2005
Project("{FAE04EC0-301F-11D3-BF4B-00C04F79EFBC}") = "suredata", "suredata\suredata.csproj", "{5E2476FF-593F-4891-A0C2-02E6A3E59030}"
EndProject
Global
	GlobalSection(SolutionConfigurationPlatforms) = preSolution
		Debug|Any CPU = Debug|Any CPU
		Release|Any CPU = Release|Any CPU
	EndGlobalSection
	GlobalSection(ProjectConfigurationPlatforms) = postSolution
		{5E2476FF-593F-4891-A0C2-02E6A3E59030}.Debug|Any CPU.ActiveCfg = Debug|Any CPU
		{5E2476FF-593F-4891-A0C2-02E6A3E59030}.Debug|Any CPU.Build.0 = Debug|Any CPU
		{5E2476FF-593F-4891-A0C2-02E6A3E59030}.Release|Any CPU.ActiveCfg = Release|Any CPU
		{5E2476FF-593F-4891-A0C2-02E6A3E59030}.Release|Any CPU.Build.0 = Release|Any CPU
	EndGlobalSection
	GlobalSection(SolutionProperties) = preSolution
		HideSolutionNode = FALSE
	EndGlobalSection
EndGlobal
