
Microsoft Visual Studio Solution File, Format Version 9.00
# Visual Studio 2005
Project("{F184B08F-C81C-45F6-A57F-5ABD9991F28F}") = "file", "file\file.vbproj", "{3E225F8F-64AB-4BE7-8512-2C6C7148AC76}"
EndProject
Global
	GlobalSection(SolutionConfigurationPlatforms) = preSolution
		Debug|Any CPU = Debug|Any CPU
		Release|Any CPU = Release|Any CPU
	EndGlobalSection
	GlobalSection(ProjectConfigurationPlatforms) = postSolution
		{3E225F8F-64AB-4BE7-8512-2C6C7148AC76}.Debug|Any CPU.ActiveCfg = Debug|Any CPU
		{3E225F8F-64AB-4BE7-8512-2C6C7148AC76}.Debug|Any CPU.Build.0 = Debug|Any CPU
		{3E225F8F-64AB-4BE7-8512-2C6C7148AC76}.Release|Any CPU.ActiveCfg = Release|Any CPU
		{3E225F8F-64AB-4BE7-8512-2C6C7148AC76}.Release|Any CPU.Build.0 = Release|Any CPU
	EndGlobalSection
	GlobalSection(SolutionProperties) = preSolution
		HideSolutionNode = FALSE
	EndGlobalSection
EndGlobal
