
Microsoft Visual Studio Solution File, Format Version 9.00
# Visual Studio 2005
Project("{54435603-DBB4-11D2-8724-00A0C9A8B90C}") = "Setup1", "Setup1\Setup1.vdproj", "{DE7D095D-36F2-43BB-8DD9-45F94F7ED38C}"
EndProject
Global
	GlobalSection(SolutionConfigurationPlatforms) = preSolution
		Debug|Default = Debug|Default
		Release|Default = Release|Default
	EndGlobalSection
	GlobalSection(ProjectConfigurationPlatforms) = postSolution
		{DE7D095D-36F2-43BB-8DD9-45F94F7ED38C}.Debug|Default.ActiveCfg = Debug
		{DE7D095D-36F2-43BB-8DD9-45F94F7ED38C}.Debug|Default.Build.0 = Debug
		{DE7D095D-36F2-43BB-8DD9-45F94F7ED38C}.Release|Default.ActiveCfg = Release
		{DE7D095D-36F2-43BB-8DD9-45F94F7ED38C}.Release|Default.Build.0 = Release
	EndGlobalSection
	GlobalSection(SolutionProperties) = preSolution
		HideSolutionNode = FALSE
	EndGlobalSection
EndGlobal
