
Microsoft Visual Studio Solution File, Format Version 10.00
# Visual Studio 2008
Project("{FAE04EC0-301F-11D3-BF4B-00C04F79EFBC}") = "Collection2", "Collection2\Collection2.csproj", "{1F6EFF1A-BC51-4E9A-9C8C-51B5A2FE9F1E}"
EndProject
Global
	GlobalSection(SolutionConfigurationPlatforms) = preSolution
		Debug|Any CPU = Debug|Any CPU
		Release|Any CPU = Release|Any CPU
	EndGlobalSection
	GlobalSection(ProjectConfigurationPlatforms) = postSolution
		{1F6EFF1A-BC51-4E9A-9C8C-51B5A2FE9F1E}.Debug|Any CPU.ActiveCfg = Debug|Any CPU
		{1F6EFF1A-BC51-4E9A-9C8C-51B5A2FE9F1E}.Debug|Any CPU.Build.0 = Debug|Any CPU
		{1F6EFF1A-BC51-4E9A-9C8C-51B5A2FE9F1E}.Release|Any CPU.ActiveCfg = Release|Any CPU
		{1F6EFF1A-BC51-4E9A-9C8C-51B5A2FE9F1E}.Release|Any CPU.Build.0 = Release|Any CPU
	EndGlobalSection
	GlobalSection(SolutionProperties) = preSolution
		HideSolutionNode = FALSE
	EndGlobalSection
EndGlobal
